
Microsoft Visual Studio Solution File, Format Version 12.00
# Visual Studio Version 16
VisualStudioVersion = 16.0.28803.156
MinimumVisualStudioVersion = 10.0.40219.1
Project("{FAE04EC0-301F-11D3-BF4B-00C04F79EFBC}") = "Tool Via", "Tool Via\Tool Via.csproj", "{ABD3F3C2-C0C9-49C6-8E65-DED92B386D1B}"
EndProject
Global
	GlobalSection(SolutionConfigurationPlatforms) = preSolution
		Debug|Any CPU = Debug|Any CPU
		Release|Any CPU = Release|Any CPU
	EndGlobalSection
	GlobalSection(ProjectConfigurationPlatforms) = postSolution
		{ABD3F3C2-C0C9-49C6-8E65-DED92B386D1B}.Debug|Any CPU.ActiveCfg = Debug|Any CPU
		{ABD3F3C2-C0C9-49C6-8E65-DED92B386D1B}.Debug|Any CPU.Build.0 = Debug|Any CPU
		{ABD3F3C2-C0C9-49C6-8E65-DED92B386D1B}.Release|Any CPU.ActiveCfg = Release|Any CPU
		{ABD3F3C2-C0C9-49C6-8E65-DED92B386D1B}.Release|Any CPU.Build.0 = Release|Any CPU
	EndGlobalSection
	GlobalSection(SolutionProperties) = preSolution
		HideSolutionNode = FALSE
	EndGlobalSection
	GlobalSection(ExtensibilityGlobals) = postSolution
		SolutionGuid = {E5E2D215-DFC6-4076-B7BD-129F07BFDF8F}
	EndGlobalSection
EndGlobal
